
Microsoft Visual Studio Solution File, Format Version 12.00
# Visual Studio Version 17
VisualStudioVersion = 17.11.35222.181
MinimumVisualStudioVersion = 10.0.40219.1
Project("{9A19103F-16F7-4668-BE54-9A1E7A4F7556}") = "Application", "Application\Application.csproj", "{B94498D8-DAC9-4A0F-AD68-261DCBDD2E57}"
EndProject
Project("{9A19103F-16F7-4668-BE54-9A1E7A4F7556}") = "Domain", "Domain\Domain.csproj", "{E63DA72B-4F96-42B0-8C5E-72A709400A0F}"
EndProject
Project("{9A19103F-16F7-4668-BE54-9A1E7A4F7556}") = "Infrastructure", "Infrastructure\Infrastructure.csproj", "{8F192080-9742-4589-8DEB-0CAD12E1834B}"
EndProject
Project("{9A19103F-16F7-4668-BE54-9A1E7A4F7556}") = "BlazorWebApp", "BlazorWebApp\BlazorWebApp.csproj", "{19E2F603-05AA-4065-9467-CABE2F8B93DE}"
EndProject
Global
	GlobalSection(SolutionConfigurationPlatforms) = preSolution
		Debug|Any CPU = Debug|Any CPU
		Release|Any CPU = Release|Any CPU
	EndGlobalSection
	GlobalSection(ProjectConfigurationPlatforms) = postSolution
		{B94498D8-DAC9-4A0F-AD68-261DCBDD2E57}.Debug|Any CPU.ActiveCfg = Debug|Any CPU
		{B94498D8-DAC9-4A0F-AD68-261DCBDD2E57}.Debug|Any CPU.Build.0 = Debug|Any CPU
		{B94498D8-DAC9-4A0F-AD68-261DCBDD2E57}.Release|Any CPU.ActiveCfg = Release|Any CPU
		{B94498D8-DAC9-4A0F-AD68-261DCBDD2E57}.Release|Any CPU.Build.0 = Release|Any CPU
		{E63DA72B-4F96-42B0-8C5E-72A709400A0F}.Debug|Any CPU.ActiveCfg = Debug|Any CPU
		{E63DA72B-4F96-42B0-8C5E-72A709400A0F}.Debug|Any CPU.Build.0 = Debug|Any CPU
		{E63DA72B-4F96-42B0-8C5E-72A709400A0F}.Release|Any CPU.ActiveCfg = Release|Any CPU
		{E63DA72B-4F96-42B0-8C5E-72A709400A0F}.Release|Any CPU.Build.0 = Release|Any CPU
		{8F192080-9742-4589-8DEB-0CAD12E1834B}.Debug|Any CPU.ActiveCfg = Debug|Any CPU
		{8F192080-9742-4589-8DEB-0CAD12E1834B}.Debug|Any CPU.Build.0 = Debug|Any CPU
		{8F192080-9742-4589-8DEB-0CAD12E1834B}.Release|Any CPU.ActiveCfg = Release|Any CPU
		{8F192080-9742-4589-8DEB-0CAD12E1834B}.Release|Any CPU.Build.0 = Release|Any CPU
		{19E2F603-05AA-4065-9467-CABE2F8B93DE}.Debug|Any CPU.ActiveCfg = Debug|Any CPU
		{19E2F603-05AA-4065-9467-CABE2F8B93DE}.Debug|Any CPU.Build.0 = Debug|Any CPU
		{19E2F603-05AA-4065-9467-CABE2F8B93DE}.Release|Any CPU.ActiveCfg = Release|Any CPU
		{19E2F603-05AA-4065-9467-CABE2F8B93DE}.Release|Any CPU.Build.0 = Release|Any CPU
	EndGlobalSection
	GlobalSection(SolutionProperties) = preSolution
		HideSolutionNode = FALSE
	EndGlobalSection
	GlobalSection(ExtensibilityGlobals) = postSolution
		SolutionGuid = {E112BC5B-F367-4BEA-BDEE-079CEFF6BCA7}
	EndGlobalSection
EndGlobal
